{
  "projects": [
    {
      "projectId": "58GpZjZCWTaJ8AUhpCwt2K",
      "version": "3.28.0",
      "dependencies": {},
      "lang": "ts",
      "fileLocks": [
        {
          "assetId": "58GpZjZCWTaJ8AUhpCwt2K",
          "type": "projectCss",
          "checksum": "f0469e206244772473ab64f50be898f9"
        }
      ],
      "codegenVersion": "0.0.1"
    },
    {
      "projectId": "7nJ7UcFmq9UzB6eXfC5z4a",
      "version": "0.31.0",
      "dependencies": {},
      "lang": "ts",
      "fileLocks": [
        {
          "assetId": "7nJ7UcFmq9UzB6eXfC5z4a",
          "type": "projectCss",
          "checksum": "01e8cee5b9ce00fbc93f494c2a40dbf1"
        }
      ],
      "codegenVersion": "0.0.1"
    },
    {
      "projectId": "d4C4LTxUnNLermTM2fyibX",
      "version": "latest",
      "dependencies": {
        "7nJ7UcFmq9UzB6eXfC5z4a": "0.31.0",
        "58GpZjZCWTaJ8AUhpCwt2K": "3.28.0"
      },
      "lang": "ts",
      "fileLocks": [
        {
          "type": "globalVariant",
          "assetId": "7nH-eU6HcBLs",
          "checksum": "e7156e653f25bf02679230a40d6de705"
        },
        {
          "assetId": "d4C4LTxUnNLermTM2fyibX",
          "type": "projectCss",
          "checksum": "424fd9d710c0fe75194676640607fbf0"
        },
        {
          "type": "renderModule",
          "assetId": "acnasL4OgZ6B",
          "checksum": "c77d3502bdde4429ec4c5e34bff8df1b"
        },
        {
          "type": "cssRules",
          "assetId": "acnasL4OgZ6B",
          "checksum": "c77d3502bdde4429ec4c5e34bff8df1b"
        },
        {
          "type": "renderModule",
          "assetId": "pIgy1yzeYiHq",
          "checksum": "3dcb0d2b99c3ff315fd3b70211b3d4a8"
        },
        {
          "type": "cssRules",
          "assetId": "pIgy1yzeYiHq",
          "checksum": "3dcb0d2b99c3ff315fd3b70211b3d4a8"
        },
        {
          "type": "renderModule",
          "assetId": "maC-Tskntv-0",
          "checksum": "f7e38d13f3ab35b3e211b43bde924a7a"
        },
        {
          "type": "cssRules",
          "assetId": "maC-Tskntv-0",
          "checksum": "f7e38d13f3ab35b3e211b43bde924a7a"
        },
        {
          "type": "renderModule",
          "assetId": "NT850eUOWyFR",
          "checksum": "08a620061866e6706751a53bd7d2bc65"
        },
        {
          "type": "cssRules",
          "assetId": "NT850eUOWyFR",
          "checksum": "08a620061866e6706751a53bd7d2bc65"
        },
        {
          "type": "renderModule",
          "assetId": "SDZvYrcu4hK1",
          "checksum": "cdc5ddfa5a76e2d5212be697c38fbad2"
        },
        {
          "type": "cssRules",
          "assetId": "SDZvYrcu4hK1",
          "checksum": "cdc5ddfa5a76e2d5212be697c38fbad2"
        },
        {
          "type": "renderModule",
          "assetId": "ju88AFZu5hf3",
          "checksum": "d82ced11971e6be34e94f08b90b24a17"
        },
        {
          "type": "cssRules",
          "assetId": "ju88AFZu5hf3",
          "checksum": "d82ced11971e6be34e94f08b90b24a17"
        },
        {
          "type": "renderModule",
          "assetId": "zKU7i8SmITxw",
          "checksum": "4d508f7c5c0a4b0f6f406b45b157b1d2"
        },
        {
          "type": "cssRules",
          "assetId": "zKU7i8SmITxw",
          "checksum": "4d508f7c5c0a4b0f6f406b45b157b1d2"
        },
        {
          "type": "renderModule",
          "assetId": "as6Fu6ZFoh6B",
          "checksum": "d7edf68a34490d4069ee66cace64bd19"
        },
        {
          "type": "cssRules",
          "assetId": "as6Fu6ZFoh6B",
          "checksum": "d7edf68a34490d4069ee66cace64bd19"
        },
        {
          "type": "renderModule",
          "assetId": "9VaLtG_qSrq3",
          "checksum": "f58e46e650ada04d29c9706c5b5f0c5c"
        },
        {
          "type": "cssRules",
          "assetId": "9VaLtG_qSrq3",
          "checksum": "f58e46e650ada04d29c9706c5b5f0c5c"
        },
        {
          "type": "renderModule",
          "assetId": "z6Yn9Da4wTin",
          "checksum": "18e912d48d12ae357fde6fd2de04735f"
        },
        {
          "type": "cssRules",
          "assetId": "z6Yn9Da4wTin",
          "checksum": "18e912d48d12ae357fde6fd2de04735f"
        },
        {
          "type": "icon",
          "assetId": "G6ydmkn9z13-",
          "checksum": "920d569358dbdb204fb2b32ae52a3909"
        },
        {
          "type": "icon",
          "assetId": "jfpedJf7uDEX",
          "checksum": "60d7065b95c3dfcaa42bbb0540e7ad22"
        },
        {
          "type": "icon",
          "assetId": "3cA_dVxzz2YS",
          "checksum": "c9e9d3103d083264ef08d5dc4bf046b5"
        },
        {
          "type": "icon",
          "assetId": "Q-pUCDhbkZVY",
          "checksum": "c4b07b3bb578c4667f430991064d3d96"
        },
        {
          "type": "icon",
          "assetId": "W6kjkiUC8meR",
          "checksum": "32f2e00b98b5984625ef37c7607e04b6"
        },
        {
          "type": "icon",
          "assetId": "P1ofTLWZ1Zym",
          "checksum": "7f164e297585db9059c1f501d5275ad4"
        },
        {
          "type": "icon",
          "assetId": "JFSAb_SRJTww",
          "checksum": "4c8df963168a974c4a424ad5d0c8356f"
        },
        {
          "type": "icon",
          "assetId": "7JUIQ4AIFsRT",
          "checksum": "c3e072398a5bbd77634cac42bf0a78a4"
        },
        {
          "type": "icon",
          "assetId": "LsvwAlh-zDwL",
          "checksum": "52cc65bbed53456648e0ada6e2769952"
        },
        {
          "type": "icon",
          "assetId": "8EeX0H594rQT",
          "checksum": "f4694b5518cad373081bbfd872bf2970"
        },
        {
          "type": "icon",
          "assetId": "vC9uWeJxf3Sf",
          "checksum": "93b73a81ae2c88c75113a8f57d599c09"
        },
        {
          "type": "icon",
          "assetId": "UXZ0IIQBtYIW",
          "checksum": "23c7e8e4da0cec0626600aae9ba82236"
        },
        {
          "type": "icon",
          "assetId": "uZZadX2Hg1Yg",
          "checksum": "793fc042c7b9db733c7ab6e5403bb1ba"
        },
        {
          "type": "image",
          "assetId": "5moRfI6Jxx1Q",
          "checksum": "dd73aa8421d93fe2f2105c6345f80b3c"
        },
        {
          "type": "image",
          "assetId": "7y4WNOQQec91",
          "checksum": "0535109f9500bdf03924c7ac49a3f811"
        },
        {
          "type": "image",
          "assetId": "oS-Zo9BkFuqt",
          "checksum": "0e85db72bcce217a9b820a7e92e1afe9"
        },
        {
          "type": "image",
          "assetId": "nRdLOLB4LHys",
          "checksum": "7c8c489174d1ff862cf569abe713f508"
        },
        {
          "type": "image",
          "assetId": "a7RS4mnL3UzX",
          "checksum": "8925856e1737b1ceb49e03539d4877c5"
        },
        {
          "type": "image",
          "assetId": "VOKhBgXP5usf",
          "checksum": "347fd0f72d23f32c6ad5ce3095d236f0"
        },
        {
          "type": "image",
          "assetId": "965NWmQ4OfFR",
          "checksum": "8bc79bb4c9ed3faa04c7e70021269ab8"
        },
        {
          "type": "image",
          "assetId": "odFCFzsLXkqG",
          "checksum": "21d6d8ec9ba6a97c404671e703c9e6ef"
        },
        {
          "type": "image",
          "assetId": "hKMP7xvrB5cl",
          "checksum": "bae484d6cb05d6bd9f1e9b19dac705d6"
        },
        {
          "type": "image",
          "assetId": "LYAWMbC04QP6",
          "checksum": "0b2998e55ead19caf9cca1a3d65c2f5a"
        },
        {
          "type": "image",
          "assetId": "ZeWdXQqweBHH",
          "checksum": "42e62245d2aa4642c822adc81386d052"
        },
        {
          "type": "image",
          "assetId": "xnQ8ko8Cdle-",
          "checksum": "59468e0f0d5db0fcc9102cf2f3dd531a"
        },
        {
          "type": "image",
          "assetId": "V0GH-d2d6F7X",
          "checksum": "d4750acedc9cd36cc256980cf25e5fce"
        },
        {
          "type": "image",
          "assetId": "y7QZFfAJavfW",
          "checksum": "aa01e8954c63b286fbd8b32c48b3c86a"
        },
        {
          "type": "image",
          "assetId": "Orx8fnOabXHb",
          "checksum": "1919a1cda07c6c213dae80719d8e0596"
        },
        {
          "type": "image",
          "assetId": "WKWy5vNSTjN2",
          "checksum": "8a84007e9018fcb1bc73cf6a33b97b12"
        },
        {
          "type": "image",
          "assetId": "PItGI440dtlf",
          "checksum": "da79ee04f7909f3db0cafd43243a5931"
        },
        {
          "type": "image",
          "assetId": "h-1X6M0D-d0H",
          "checksum": "588451a11b3c2bea480773d46a64e4d3"
        },
        {
          "type": "image",
          "assetId": "H5T179qAbvE5",
          "checksum": "c7daafd7d3a9bb632ddefc3822eba058"
        },
        {
          "type": "image",
          "assetId": "xKGyCDqhh1XP",
          "checksum": "971bfa0acb93efbf9000acce3988be7c"
        },
        {
          "type": "image",
          "assetId": "v51ro2hc46Nw",
          "checksum": "80119d5f6e834f63e9610110c25903a3"
        },
        {
          "type": "image",
          "assetId": "06AGiEFobumq",
          "checksum": "1eaa77df9e5aed895badaf7921de797b"
        },
        {
          "type": "image",
          "assetId": "e9DlTw8e8BiS",
          "checksum": "debf4de12b2896e2a56bd37d9417fb24"
        },
        {
          "type": "image",
          "assetId": "7GnLS7TmCoT3",
          "checksum": "46cc0b0a304f9b58b5ea7344edced393"
        },
        {
          "type": "image",
          "assetId": "S5tX29kNd6PH",
          "checksum": "464d80231d6d997916d57cc7a37db76a"
        },
        {
          "type": "image",
          "assetId": "EfBGONjikHzX",
          "checksum": "d7b4bb29dfc1ecbb4b348b44e1c6f6e1"
        },
        {
          "type": "image",
          "assetId": "oHzFY1WVr-cj",
          "checksum": "36160b4f0db718f716ab5d9354cd3095"
        },
        {
          "type": "image",
          "assetId": "sZ-80uLUa55A",
          "checksum": "1f5d67cbf97dc4c0548b3b5a2528211c"
        },
        {
          "type": "image",
          "assetId": "LM7Q4Xs8voDr",
          "checksum": "be2800255ac72a48c0f3da1f9af0e655"
        },
        {
          "type": "image",
          "assetId": "Mg-C7R0-WoPJ",
          "checksum": "f093b78b4131d7ac0c73891a18867479"
        },
        {
          "type": "image",
          "assetId": "Anz5lTc_GS4R",
          "checksum": "0a3424f7a66a7780d0daeaa1a3b4d1f1"
        },
        {
          "type": "image",
          "assetId": "JJaojV8ZuvBM",
          "checksum": "e702bd83540cfdb52a9195fa4998b7e5"
        },
        {
          "type": "image",
          "assetId": "UoRiuwJUSpN5",
          "checksum": "189799dec0477a443c58470c78e15edf"
        },
        {
          "type": "image",
          "assetId": "wQaTkdm4qxjF",
          "checksum": "36a915ffd6313bac3d7018b7614a7cc7"
        },
        {
          "type": "image",
          "assetId": "4eoa6ac2JEqc",
          "checksum": "d7ab56df56c65a1b2ce30729edc68aaf"
        },
        {
          "type": "image",
          "assetId": "Zw9EtCrEcZOu",
          "checksum": "43830ff3efd4cd2009a7a392a6c0530a"
        },
        {
          "type": "image",
          "assetId": "SznrgHB-WDef",
          "checksum": "21d4830e1a5c5c5d3d28895dd2cbab8e"
        },
        {
          "type": "image",
          "assetId": "PaTT8awPGcTP",
          "checksum": "caf0c19ffa425983d7c42cf88e98090e"
        },
        {
          "type": "image",
          "assetId": "po7O-A4bLeX5",
          "checksum": "638737f8d58ccfaa7b2fa0f39f2035a6"
        },
        {
          "type": "image",
          "assetId": "nJOvJzfx_uZh",
          "checksum": "b4f22eb6ffc853b6e9af6b453287f5e0"
        },
        {
          "type": "image",
          "assetId": "dhtRjait70m1",
          "checksum": "a68ea47610c01fa49fa0cf67490c8d0f"
        },
        {
          "type": "image",
          "assetId": "Je3CNsafr1-X",
          "checksum": "d01472f8ae015ccb7449060a05afce09"
        },
        {
          "type": "image",
          "assetId": "MPKlmJ8vvKfK",
          "checksum": "62e2ae287efab5f5dd186cade3caf3ff"
        },
        {
          "type": "image",
          "assetId": "r9JZm7YOF695",
          "checksum": "ddefa884f84faf83b5e6fd6487aab3f0"
        }
      ],
      "codegenVersion": "0.0.1"
    }
  ],
  "cliVersion": "0.1.337"
}
